{
  "version": 4,
  "terraform_version": "0.12.28",
  "serial": 5,
  "lineage": "50a01666-d88e-1cb8-c276-02e557177cfb",
  "outputs": {
    "vpc_cidr": {
      "value": "vpc-0d8b76d33573607ed",
      "type": "string"
    }
  },
  "resources": [
    {
      "mode": "managed",
      "type": "aws_vpc",
      "name": "my_demo_vpc",
      "provider": "provider.aws",
      "instances": [
        {
          "schema_version": 1,
          "attributes": {
            "arn": "arn:aws:ec2:eu-west-1:257599234124:vpc/vpc-0d8b76d33573607ed",
            "assign_generated_ipv6_cidr_block": false,
            "cidr_block": "10.0.0.0/16",
            "default_network_acl_id": "acl-0773e6e6fc3460a70",
            "default_route_table_id": "rtb-04b3eb730cec27421",
            "default_security_group_id": "sg-04745463f94353f05",
            "dhcp_options_id": "dopt-8f0252e9",
            "enable_classiclink": false,
            "enable_classiclink_dns_support": false,
            "enable_dns_hostnames": false,
            "enable_dns_support": true,
            "id": "vpc-0d8b76d33573607ed",
            "instance_tenancy": "default",
            "ipv6_association_id": "",
            "ipv6_cidr_block": "",
            "main_route_table_id": "rtb-04b3eb730cec27421",
            "owner_id": "257599234124",
            "tags": {
              "Environment": "Dev",
              "Name": "Terraform-Demo"
            }
          },
          "private": "eyJzY2hlbWFfdmVyc2lvbiI6IjEifQ=="
        }
      ]
    }
  ]
}
